
Microsoft Visual Studio Solution File, Format Version 12.00
# Visual Studio 14
VisualStudioVersion = 14.0.24720.0
MinimumVisualStudioVersion = 10.0.40219.1
Project("{E24C65DC-7377-472B-9ABA-BC803B73C61A}") = "SportSchedSPA", "SportSchedSPA\", "{F87C38E4-6A78-43D8-A4D2-367C13BFAE88}"
	ProjectSection(WebsiteProperties) = preProject
		TargetFrameworkMoniker = ".NETFramework,Version%3Dv4.6.1"
		Debug.AspNetCompiler.VirtualPath = "/localhost_3722"
		Debug.AspNetCompiler.PhysicalPath = "SportSchedSPA\"
		Debug.AspNetCompiler.TargetPath = "PrecompiledWeb\localhost_3722\"
		Debug.AspNetCompiler.Updateable = "true"
		Debug.AspNetCompiler.ForceOverwrite = "true"
		Debug.AspNetCompiler.FixedNames = "false"
		Debug.AspNetCompiler.Debug = "True"
		Release.AspNetCompiler.VirtualPath = "/localhost_3722"
		Release.AspNetCompiler.PhysicalPath = "SportSchedSPA\"
		Release.AspNetCompiler.TargetPath = "PrecompiledWeb\localhost_3722\"
		Release.AspNetCompiler.Updateable = "true"
		Release.AspNetCompiler.ForceOverwrite = "true"
		Release.AspNetCompiler.FixedNames = "false"
		Release.AspNetCompiler.Debug = "False"
		VWDPort = "3722"
		SlnRelativePath = "SportSchedSPA\"
		DefaultWebSiteLanguage = "Visual C#"
	EndProjectSection
EndProject
Project("{FAE04EC0-301F-11D3-BF4B-00C04F79EFBC}") = "SportSchedApi", "SportSchedApi\SportSchedApi.csproj", "{180C3FEB-11DC-4F07-8C7B-DC7C7FCEDD4E}"
EndProject
Global
	GlobalSection(SolutionConfigurationPlatforms) = preSolution
		Debug|Any CPU = Debug|Any CPU
		Release|Any CPU = Release|Any CPU
	EndGlobalSection
	GlobalSection(ProjectConfigurationPlatforms) = postSolution
		{F87C38E4-6A78-43D8-A4D2-367C13BFAE88}.Debug|Any CPU.ActiveCfg = Debug|Any CPU
		{F87C38E4-6A78-43D8-A4D2-367C13BFAE88}.Debug|Any CPU.Build.0 = Debug|Any CPU
		{F87C38E4-6A78-43D8-A4D2-367C13BFAE88}.Release|Any CPU.ActiveCfg = Debug|Any CPU
		{F87C38E4-6A78-43D8-A4D2-367C13BFAE88}.Release|Any CPU.Build.0 = Debug|Any CPU
		{180C3FEB-11DC-4F07-8C7B-DC7C7FCEDD4E}.Debug|Any CPU.ActiveCfg = Debug|Any CPU
		{180C3FEB-11DC-4F07-8C7B-DC7C7FCEDD4E}.Debug|Any CPU.Build.0 = Debug|Any CPU
		{180C3FEB-11DC-4F07-8C7B-DC7C7FCEDD4E}.Release|Any CPU.ActiveCfg = Release|Any CPU
		{180C3FEB-11DC-4F07-8C7B-DC7C7FCEDD4E}.Release|Any CPU.Build.0 = Release|Any CPU
	EndGlobalSection
	GlobalSection(SolutionProperties) = preSolution
		HideSolutionNode = FALSE
	EndGlobalSection
EndGlobal
